
Microsoft Visual Studio Solution File, Format Version 12.00
# Visual Studio Version 17
VisualStudioVersion = 17.1.32414.318
MinimumVisualStudioVersion = 10.0.40219.1
Project("{9A19103F-16F7-4668-BE54-9A1E7A4F7556}") = "hs_curate", "hs_test\hs_curate.csproj", "{5B861D19-E0A9-4A63-843D-964FD8AC2A79}"
EndProject
Global
	GlobalSection(SolutionConfigurationPlatforms) = preSolution
		Debug|Any CPU = Debug|Any CPU
		Release|Any CPU = Release|Any CPU
	EndGlobalSection
	GlobalSection(ProjectConfigurationPlatforms) = postSolution
		{5B861D19-E0A9-4A63-843D-964FD8AC2A79}.Debug|Any CPU.ActiveCfg = Debug|Any CPU
		{5B861D19-E0A9-4A63-843D-964FD8AC2A79}.Debug|Any CPU.Build.0 = Debug|Any CPU
		{5B861D19-E0A9-4A63-843D-964FD8AC2A79}.Release|Any CPU.ActiveCfg = Release|Any CPU
		{5B861D19-E0A9-4A63-843D-964FD8AC2A79}.Release|Any CPU.Build.0 = Release|Any CPU
	EndGlobalSection
	GlobalSection(SolutionProperties) = preSolution
		HideSolutionNode = FALSE
	EndGlobalSection
	GlobalSection(ExtensibilityGlobals) = postSolution
		SolutionGuid = {4FD9B48A-3DF6-4CB1-93F5-941C606A099E}
	EndGlobalSection
EndGlobal
